
Microsoft Visual Studio Solution File, Format Version 12.00
# Visual Studio Version 16
VisualStudioVersion = 16.0.29306.81
MinimumVisualStudioVersion = 10.0.40219.1
Project("{9A19103F-16F7-4668-BE54-9A1E7A4F7556}") = "DataOnQ.Abstractions", "src\DataOnQ.Abstractions\DataOnQ.Abstractions.csproj", "{997B0357-D897-4FA1-986B-C59E57ED8AB2}"
EndProject
Project("{2150E333-8FDC-42A3-9474-1A3956D46DE8}") = "Solution Items", "Solution Items", "{7E99AA81-CFE1-41C0-BF93-6246461304DE}"
	ProjectSection(SolutionItems) = preProject
		.editorconfig = .editorconfig
		.gitignore = .gitignore
		README.md = README.md
	EndProjectSection
EndProject
Project("{9A19103F-16F7-4668-BE54-9A1E7A4F7556}") = "DataOnQ", "src\DataOnQ.Middleware\DataOnQ.csproj", "{3B40A11D-FE19-469D-84F7-6D326398589A}"
EndProject
Project("{2150E333-8FDC-42A3-9474-1A3956D46DE8}") = "Samples", "Samples", "{05FE21C5-1237-4B7B-A314-B633AD92CA40}"
EndProject
Project("{2150E333-8FDC-42A3-9474-1A3956D46DE8}") = "Xamarin.Forms", "Xamarin.Forms", "{4AA14314-14B0-4076-A034-4EE377F2B60C}"
EndProject
Project("{2150E333-8FDC-42A3-9474-1A3956D46DE8}") = "Xamarin.iOS", "Xamarin.iOS", "{25083E50-662E-46F9-8142-F3F428A13327}"
EndProject
Project("{2150E333-8FDC-42A3-9474-1A3956D46DE8}") = "Xamarin.Android", "Xamarin.Android", "{032A210F-73A0-4AD1-B12A-07AD64058FC9}"
EndProject
Project("{2150E333-8FDC-42A3-9474-1A3956D46DE8}") = "Xamarin.UWP", "Xamarin.UWP", "{171C1386-FD18-4CF9-91DE-ACB6BE789AA2}"
EndProject
Project("{2150E333-8FDC-42A3-9474-1A3956D46DE8}") = "WPF", "WPF", "{96BCD5AE-931B-43FA-88B3-F6B5C6F3A070}"
EndProject
Project("{2150E333-8FDC-42A3-9474-1A3956D46DE8}") = "UWP", "UWP", "{F9F3DC62-71E8-42F1-B902-39A973CC8D03}"
EndProject
Project("{2150E333-8FDC-42A3-9474-1A3956D46DE8}") = "WinForms", "WinForms", "{35430686-510C-4734-A149-A48BA0BFDCF5}"
EndProject
Project("{2150E333-8FDC-42A3-9474-1A3956D46DE8}") = "Uno Platform", "Uno Platform", "{53D4DE25-6FFE-4189-AD74-1472C80E56DF}"
EndProject
Project("{9A19103F-16F7-4668-BE54-9A1E7A4F7556}") = "DataOnQ.Samples.Xamarin.Forms", "Samples\Xamarin.Forms\DataOnQ.Samples.Xamarin.Forms\DataOnQ.Samples.Xamarin.Forms.csproj", "{DB32EDC9-6D30-4456-9E8B-63009FC45EB3}"
EndProject
Project("{FAE04EC0-301F-11D3-BF4B-00C04F79EFBC}") = "DataOnQ.Samples.Xamarin.Forms.Android", "Samples\Xamarin.Forms\DataOnQ.Samples.Xamarin.Forms.Android\DataOnQ.Samples.Xamarin.Forms.Android.csproj", "{C89E3428-6039-42AC-8C0E-0015289378D3}"
EndProject
Project("{FAE04EC0-301F-11D3-BF4B-00C04F79EFBC}") = "DataOnQ.Samples.Xamarin.Forms.iOS", "Samples\Xamarin.Forms\DataOnQ.Samples.Xamarin.Forms.iOS\DataOnQ.Samples.Xamarin.Forms.iOS.csproj", "{E76E5E07-6768-4CB1-A58A-28AA2429318B}"
EndProject
Project("{FAE04EC0-301F-11D3-BF4B-00C04F79EFBC}") = "DataOnQ.Samples.Xamarin.Forms.UWP", "Samples\Xamarin.Forms\DataOnQ.Samples.Xamarin.Forms.UWP\DataOnQ.Samples.Xamarin.Forms.UWP.csproj", "{A51398D0-3055-4409-8AD4-BEB778FADDE8}"
EndProject
Project("{FAE04EC0-301F-11D3-BF4B-00C04F79EFBC}") = "DataOnQ.Forms", "src\DataOnQ.Forms\DataOnQ.Forms.csproj", "{C92DA756-F4F2-46CF-8EF0-2CB568A717F9}"
EndProject
Global
	GlobalSection(SolutionConfigurationPlatforms) = preSolution
		Debug|Any CPU = Debug|Any CPU
		Debug|ARM = Debug|ARM
		Debug|iPhone = Debug|iPhone
		Debug|iPhoneSimulator = Debug|iPhoneSimulator
		Debug|x64 = Debug|x64
		Debug|x86 = Debug|x86
		Release|Any CPU = Release|Any CPU
		Release|ARM = Release|ARM
		Release|iPhone = Release|iPhone
		Release|iPhoneSimulator = Release|iPhoneSimulator
		Release|x64 = Release|x64
		Release|x86 = Release|x86
	EndGlobalSection
	GlobalSection(ProjectConfigurationPlatforms) = postSolution
		{997B0357-D897-4FA1-986B-C59E57ED8AB2}.Debug|Any CPU.ActiveCfg = Debug|Any CPU
		{997B0357-D897-4FA1-986B-C59E57ED8AB2}.Debug|Any CPU.Build.0 = Debug|Any CPU
		{997B0357-D897-4FA1-986B-C59E57ED8AB2}.Debug|ARM.ActiveCfg = Debug|Any CPU
		{997B0357-D897-4FA1-986B-C59E57ED8AB2}.Debug|ARM.Build.0 = Debug|Any CPU
		{997B0357-D897-4FA1-986B-C59E57ED8AB2}.Debug|iPhone.ActiveCfg = Debug|Any CPU
		{997B0357-D897-4FA1-986B-C59E57ED8AB2}.Debug|iPhone.Build.0 = Debug|Any CPU
		{997B0357-D897-4FA1-986B-C59E57ED8AB2}.Debug|iPhoneSimulator.ActiveCfg = Debug|Any CPU
		{997B0357-D897-4FA1-986B-C59E57ED8AB2}.Debug|iPhoneSimulator.Build.0 = Debug|Any CPU
		{997B0357-D897-4FA1-986B-C59E57ED8AB2}.Debug|x64.ActiveCfg = Debug|Any CPU
		{997B0357-D897-4FA1-986B-C59E57ED8AB2}.Debug|x64.Build.0 = Debug|Any CPU
		{997B0357-D897-4FA1-986B-C59E57ED8AB2}.Debug|x86.ActiveCfg = Debug|Any CPU
		{997B0357-D897-4FA1-986B-C59E57ED8AB2}.Debug|x86.Build.0 = Debug|Any CPU
		{997B0357-D897-4FA1-986B-C59E57ED8AB2}.Release|Any CPU.ActiveCfg = Release|Any CPU
		{997B0357-D897-4FA1-986B-C59E57ED8AB2}.Release|Any CPU.Build.0 = Release|Any CPU
		{997B0357-D897-4FA1-986B-C59E57ED8AB2}.Release|ARM.ActiveCfg = Release|Any CPU
		{997B0357-D897-4FA1-986B-C59E57ED8AB2}.Release|ARM.Build.0 = Release|Any CPU
		{997B0357-D897-4FA1-986B-C59E57ED8AB2}.Release|iPhone.ActiveCfg = Release|Any CPU
		{997B0357-D897-4FA1-986B-C59E57ED8AB2}.Release|iPhone.Build.0 = Release|Any CPU
		{997B0357-D897-4FA1-986B-C59E57ED8AB2}.Release|iPhoneSimulator.ActiveCfg = Release|Any CPU
		{997B0357-D897-4FA1-986B-C59E57ED8AB2}.Release|iPhoneSimulator.Build.0 = Release|Any CPU
		{997B0357-D897-4FA1-986B-C59E57ED8AB2}.Release|x64.ActiveCfg = Release|Any CPU
		{997B0357-D897-4FA1-986B-C59E57ED8AB2}.Release|x64.Build.0 = Release|Any CPU
		{997B0357-D897-4FA1-986B-C59E57ED8AB2}.Release|x86.ActiveCfg = Release|Any CPU
		{997B0357-D897-4FA1-986B-C59E57ED8AB2}.Release|x86.Build.0 = Release|Any CPU
		{3B40A11D-FE19-469D-84F7-6D326398589A}.Debug|Any CPU.ActiveCfg = Debug|Any CPU
		{3B40A11D-FE19-469D-84F7-6D326398589A}.Debug|Any CPU.Build.0 = Debug|Any CPU
		{3B40A11D-FE19-469D-84F7-6D326398589A}.Debug|ARM.ActiveCfg = Debug|Any CPU
		{3B40A11D-FE19-469D-84F7-6D326398589A}.Debug|ARM.Build.0 = Debug|Any CPU
		{3B40A11D-FE19-469D-84F7-6D326398589A}.Debug|iPhone.ActiveCfg = Debug|Any CPU
		{3B40A11D-FE19-469D-84F7-6D326398589A}.Debug|iPhone.Build.0 = Debug|Any CPU
		{3B40A11D-FE19-469D-84F7-6D326398589A}.Debug|iPhoneSimulator.ActiveCfg = Debug|Any CPU
		{3B40A11D-FE19-469D-84F7-6D326398589A}.Debug|iPhoneSimulator.Build.0 = Debug|Any CPU
		{3B40A11D-FE19-469D-84F7-6D326398589A}.Debug|x64.ActiveCfg = Debug|Any CPU
		{3B40A11D-FE19-469D-84F7-6D326398589A}.Debug|x64.Build.0 = Debug|Any CPU
		{3B40A11D-FE19-469D-84F7-6D326398589A}.Debug|x86.ActiveCfg = Debug|Any CPU
		{3B40A11D-FE19-469D-84F7-6D326398589A}.Debug|x86.Build.0 = Debug|Any CPU
		{3B40A11D-FE19-469D-84F7-6D326398589A}.Release|Any CPU.ActiveCfg = Release|Any CPU
		{3B40A11D-FE19-469D-84F7-6D326398589A}.Release|Any CPU.Build.0 = Release|Any CPU
		{3B40A11D-FE19-469D-84F7-6D326398589A}.Release|ARM.ActiveCfg = Release|Any CPU
		{3B40A11D-FE19-469D-84F7-6D326398589A}.Release|ARM.Build.0 = Release|Any CPU
		{3B40A11D-FE19-469D-84F7-6D326398589A}.Release|iPhone.ActiveCfg = Release|Any CPU
		{3B40A11D-FE19-469D-84F7-6D326398589A}.Release|iPhone.Build.0 = Release|Any CPU
		{3B40A11D-FE19-469D-84F7-6D326398589A}.Release|iPhoneSimulator.ActiveCfg = Release|Any CPU
		{3B40A11D-FE19-469D-84F7-6D326398589A}.Release|iPhoneSimulator.Build.0 = Release|Any CPU
		{3B40A11D-FE19-469D-84F7-6D326398589A}.Release|x64.ActiveCfg = Release|Any CPU
		{3B40A11D-FE19-469D-84F7-6D326398589A}.Release|x64.Build.0 = Release|Any CPU
		{3B40A11D-FE19-469D-84F7-6D326398589A}.Release|x86.ActiveCfg = Release|Any CPU
		{3B40A11D-FE19-469D-84F7-6D326398589A}.Release|x86.Build.0 = Release|Any CPU
		{DB32EDC9-6D30-4456-9E8B-63009FC45EB3}.Debug|Any CPU.ActiveCfg = Debug|Any CPU
		{DB32EDC9-6D30-4456-9E8B-63009FC45EB3}.Debug|Any CPU.Build.0 = Debug|Any CPU
		{DB32EDC9-6D30-4456-9E8B-63009FC45EB3}.Debug|ARM.ActiveCfg = Debug|Any CPU
		{DB32EDC9-6D30-4456-9E8B-63009FC45EB3}.Debug|ARM.Build.0 = Debug|Any CPU
		{DB32EDC9-6D30-4456-9E8B-63009FC45EB3}.Debug|iPhone.ActiveCfg = Debug|Any CPU
		{DB32EDC9-6D30-4456-9E8B-63009FC45EB3}.Debug|iPhone.Build.0 = Debug|Any CPU
		{DB32EDC9-6D30-4456-9E8B-63009FC45EB3}.Debug|iPhoneSimulator.ActiveCfg = Debug|Any CPU
		{DB32EDC9-6D30-4456-9E8B-63009FC45EB3}.Debug|iPhoneSimulator.Build.0 = Debug|Any CPU
		{DB32EDC9-6D30-4456-9E8B-63009FC45EB3}.Debug|x64.ActiveCfg = Debug|Any CPU
		{DB32EDC9-6D30-4456-9E8B-63009FC45EB3}.Debug|x64.Build.0 = Debug|Any CPU
		{DB32EDC9-6D30-4456-9E8B-63009FC45EB3}.Debug|x86.ActiveCfg = Debug|Any CPU
		{DB32EDC9-6D30-4456-9E8B-63009FC45EB3}.Debug|x86.Build.0 = Debug|Any CPU
		{DB32EDC9-6D30-4456-9E8B-63009FC45EB3}.Release|Any CPU.ActiveCfg = Release|Any CPU
		{DB32EDC9-6D30-4456-9E8B-63009FC45EB3}.Release|Any CPU.Build.0 = Release|Any CPU
		{DB32EDC9-6D30-4456-9E8B-63009FC45EB3}.Release|ARM.ActiveCfg = Release|Any CPU
		{DB32EDC9-6D30-4456-9E8B-63009FC45EB3}.Release|ARM.Build.0 = Release|Any CPU
		{DB32EDC9-6D30-4456-9E8B-63009FC45EB3}.Release|iPhone.ActiveCfg = Release|Any CPU
		{DB32EDC9-6D30-4456-9E8B-63009FC45EB3}.Release|iPhone.Build.0 = Release|Any CPU
		{DB32EDC9-6D30-4456-9E8B-63009FC45EB3}.Release|iPhoneSimulator.ActiveCfg = Release|Any CPU
		{DB32EDC9-6D30-4456-9E8B-63009FC45EB3}.Release|iPhoneSimulator.Build.0 = Release|Any CPU
		{DB32EDC9-6D30-4456-9E8B-63009FC45EB3}.Release|x64.ActiveCfg = Release|Any CPU
		{DB32EDC9-6D30-4456-9E8B-63009FC45EB3}.Release|x64.Build.0 = Release|Any CPU
		{DB32EDC9-6D30-4456-9E8B-63009FC45EB3}.Release|x86.ActiveCfg = Release|Any CPU
		{DB32EDC9-6D30-4456-9E8B-63009FC45EB3}.Release|x86.Build.0 = Release|Any CPU
		{C89E3428-6039-42AC-8C0E-0015289378D3}.Debug|Any CPU.ActiveCfg = Debug|Any CPU
		{C89E3428-6039-42AC-8C0E-0015289378D3}.Debug|Any CPU.Build.0 = Debug|Any CPU
		{C89E3428-6039-42AC-8C0E-0015289378D3}.Debug|Any CPU.Deploy.0 = Debug|Any CPU
		{C89E3428-6039-42AC-8C0E-0015289378D3}.Debug|ARM.ActiveCfg = Debug|Any CPU
		{C89E3428-6039-42AC-8C0E-0015289378D3}.Debug|ARM.Build.0 = Debug|Any CPU
		{C89E3428-6039-42AC-8C0E-0015289378D3}.Debug|ARM.Deploy.0 = Debug|Any CPU
		{C89E3428-6039-42AC-8C0E-0015289378D3}.Debug|iPhone.ActiveCfg = Debug|Any CPU
		{C89E3428-6039-42AC-8C0E-0015289378D3}.Debug|iPhone.Build.0 = Debug|Any CPU
		{C89E3428-6039-42AC-8C0E-0015289378D3}.Debug|iPhone.Deploy.0 = Debug|Any CPU
		{C89E3428-6039-42AC-8C0E-0015289378D3}.Debug|iPhoneSimulator.ActiveCfg = Debug|Any CPU
		{C89E3428-6039-42AC-8C0E-0015289378D3}.Debug|iPhoneSimulator.Build.0 = Debug|Any CPU
		{C89E3428-6039-42AC-8C0E-0015289378D3}.Debug|iPhoneSimulator.Deploy.0 = Debug|Any CPU
		{C89E3428-6039-42AC-8C0E-0015289378D3}.Debug|x64.ActiveCfg = Debug|Any CPU
		{C89E3428-6039-42AC-8C0E-0015289378D3}.Debug|x64.Build.0 = Debug|Any CPU
		{C89E3428-6039-42AC-8C0E-0015289378D3}.Debug|x64.Deploy.0 = Debug|Any CPU
		{C89E3428-6039-42AC-8C0E-0015289378D3}.Debug|x86.ActiveCfg = Debug|Any CPU
		{C89E3428-6039-42AC-8C0E-0015289378D3}.Debug|x86.Build.0 = Debug|Any CPU
		{C89E3428-6039-42AC-8C0E-0015289378D3}.Debug|x86.Deploy.0 = Debug|Any CPU
		{C89E3428-6039-42AC-8C0E-0015289378D3}.Release|Any CPU.ActiveCfg = Release|Any CPU
		{C89E3428-6039-42AC-8C0E-0015289378D3}.Release|Any CPU.Build.0 = Release|Any CPU
		{C89E3428-6039-42AC-8C0E-0015289378D3}.Release|Any CPU.Deploy.0 = Release|Any CPU
		{C89E3428-6039-42AC-8C0E-0015289378D3}.Release|ARM.ActiveCfg = Release|Any CPU
		{C89E3428-6039-42AC-8C0E-0015289378D3}.Release|ARM.Build.0 = Release|Any CPU
		{C89E3428-6039-42AC-8C0E-0015289378D3}.Release|ARM.Deploy.0 = Release|Any CPU
		{C89E3428-6039-42AC-8C0E-0015289378D3}.Release|iPhone.ActiveCfg = Release|Any CPU
		{C89E3428-6039-42AC-8C0E-0015289378D3}.Release|iPhone.Build.0 = Release|Any CPU
		{C89E3428-6039-42AC-8C0E-0015289378D3}.Release|iPhone.Deploy.0 = Release|Any CPU
		{C89E3428-6039-42AC-8C0E-0015289378D3}.Release|iPhoneSimulator.ActiveCfg = Release|Any CPU
		{C89E3428-6039-42AC-8C0E-0015289378D3}.Release|iPhoneSimulator.Build.0 = Release|Any CPU
		{C89E3428-6039-42AC-8C0E-0015289378D3}.Release|iPhoneSimulator.Deploy.0 = Release|Any CPU
		{C89E3428-6039-42AC-8C0E-0015289378D3}.Release|x64.ActiveCfg = Release|Any CPU
		{C89E3428-6039-42AC-8C0E-0015289378D3}.Release|x64.Build.0 = Release|Any CPU
		{C89E3428-6039-42AC-8C0E-0015289378D3}.Release|x64.Deploy.0 = Release|Any CPU
		{C89E3428-6039-42AC-8C0E-0015289378D3}.Release|x86.ActiveCfg = Release|Any CPU
		{C89E3428-6039-42AC-8C0E-0015289378D3}.Release|x86.Build.0 = Release|Any CPU
		{C89E3428-6039-42AC-8C0E-0015289378D3}.Release|x86.Deploy.0 = Release|Any CPU
		{E76E5E07-6768-4CB1-A58A-28AA2429318B}.Debug|Any CPU.ActiveCfg = Debug|iPhone
		{E76E5E07-6768-4CB1-A58A-28AA2429318B}.Debug|ARM.ActiveCfg = Debug|iPhone
		{E76E5E07-6768-4CB1-A58A-28AA2429318B}.Debug|iPhone.ActiveCfg = Debug|iPhone
		{E76E5E07-6768-4CB1-A58A-28AA2429318B}.Debug|iPhone.Build.0 = Debug|iPhone
		{E76E5E07-6768-4CB1-A58A-28AA2429318B}.Debug|iPhoneSimulator.ActiveCfg = Debug|iPhoneSimulator
		{E76E5E07-6768-4CB1-A58A-28AA2429318B}.Debug|iPhoneSimulator.Build.0 = Debug|iPhoneSimulator
		{E76E5E07-6768-4CB1-A58A-28AA2429318B}.Debug|x64.ActiveCfg = Debug|iPhone
		{E76E5E07-6768-4CB1-A58A-28AA2429318B}.Debug|x86.ActiveCfg = Debug|iPhone
		{E76E5E07-6768-4CB1-A58A-28AA2429318B}.Release|Any CPU.ActiveCfg = Release|iPhone
		{E76E5E07-6768-4CB1-A58A-28AA2429318B}.Release|ARM.ActiveCfg = Release|iPhone
		{E76E5E07-6768-4CB1-A58A-28AA2429318B}.Release|iPhone.ActiveCfg = Release|iPhone
		{E76E5E07-6768-4CB1-A58A-28AA2429318B}.Release|iPhone.Build.0 = Release|iPhone
		{E76E5E07-6768-4CB1-A58A-28AA2429318B}.Release|iPhoneSimulator.ActiveCfg = Release|iPhoneSimulator
		{E76E5E07-6768-4CB1-A58A-28AA2429318B}.Release|iPhoneSimulator.Build.0 = Release|iPhoneSimulator
		{E76E5E07-6768-4CB1-A58A-28AA2429318B}.Release|x64.ActiveCfg = Release|iPhone
		{E76E5E07-6768-4CB1-A58A-28AA2429318B}.Release|x86.ActiveCfg = Release|iPhone
		{A51398D0-3055-4409-8AD4-BEB778FADDE8}.Debug|Any CPU.ActiveCfg = Debug|x86
		{A51398D0-3055-4409-8AD4-BEB778FADDE8}.Debug|ARM.ActiveCfg = Debug|ARM
		{A51398D0-3055-4409-8AD4-BEB778FADDE8}.Debug|ARM.Build.0 = Debug|ARM
		{A51398D0-3055-4409-8AD4-BEB778FADDE8}.Debug|ARM.Deploy.0 = Debug|ARM
		{A51398D0-3055-4409-8AD4-BEB778FADDE8}.Debug|iPhone.ActiveCfg = Debug|x86
		{A51398D0-3055-4409-8AD4-BEB778FADDE8}.Debug|iPhoneSimulator.ActiveCfg = Debug|x86
		{A51398D0-3055-4409-8AD4-BEB778FADDE8}.Debug|x64.ActiveCfg = Debug|x64
		{A51398D0-3055-4409-8AD4-BEB778FADDE8}.Debug|x64.Build.0 = Debug|x64
		{A51398D0-3055-4409-8AD4-BEB778FADDE8}.Debug|x64.Deploy.0 = Debug|x64
		{A51398D0-3055-4409-8AD4-BEB778FADDE8}.Debug|x86.ActiveCfg = Debug|x86
		{A51398D0-3055-4409-8AD4-BEB778FADDE8}.Debug|x86.Build.0 = Debug|x86
		{A51398D0-3055-4409-8AD4-BEB778FADDE8}.Debug|x86.Deploy.0 = Debug|x86
		{A51398D0-3055-4409-8AD4-BEB778FADDE8}.Release|Any CPU.ActiveCfg = Release|x86
		{A51398D0-3055-4409-8AD4-BEB778FADDE8}.Release|ARM.ActiveCfg = Release|ARM
		{A51398D0-3055-4409-8AD4-BEB778FADDE8}.Release|ARM.Build.0 = Release|ARM
		{A51398D0-3055-4409-8AD4-BEB778FADDE8}.Release|ARM.Deploy.0 = Release|ARM
		{A51398D0-3055-4409-8AD4-BEB778FADDE8}.Release|iPhone.ActiveCfg = Release|x86
		{A51398D0-3055-4409-8AD4-BEB778FADDE8}.Release|iPhoneSimulator.ActiveCfg = Release|x86
		{A51398D0-3055-4409-8AD4-BEB778FADDE8}.Release|x64.ActiveCfg = Release|x64
		{A51398D0-3055-4409-8AD4-BEB778FADDE8}.Release|x64.Build.0 = Release|x64
		{A51398D0-3055-4409-8AD4-BEB778FADDE8}.Release|x64.Deploy.0 = Release|x64
		{A51398D0-3055-4409-8AD4-BEB778FADDE8}.Release|x86.ActiveCfg = Release|x86
		{A51398D0-3055-4409-8AD4-BEB778FADDE8}.Release|x86.Build.0 = Release|x86
		{A51398D0-3055-4409-8AD4-BEB778FADDE8}.Release|x86.Deploy.0 = Release|x86
		{C92DA756-F4F2-46CF-8EF0-2CB568A717F9}.Debug|Any CPU.ActiveCfg = Debug|Any CPU
		{C92DA756-F4F2-46CF-8EF0-2CB568A717F9}.Debug|Any CPU.Build.0 = Debug|Any CPU
		{C92DA756-F4F2-46CF-8EF0-2CB568A717F9}.Debug|ARM.ActiveCfg = Debug|Any CPU
		{C92DA756-F4F2-46CF-8EF0-2CB568A717F9}.Debug|ARM.Build.0 = Debug|Any CPU
		{C92DA756-F4F2-46CF-8EF0-2CB568A717F9}.Debug|iPhone.ActiveCfg = Debug|Any CPU
		{C92DA756-F4F2-46CF-8EF0-2CB568A717F9}.Debug|iPhone.Build.0 = Debug|Any CPU
		{C92DA756-F4F2-46CF-8EF0-2CB568A717F9}.Debug|iPhoneSimulator.ActiveCfg = Debug|Any CPU
		{C92DA756-F4F2-46CF-8EF0-2CB568A717F9}.Debug|iPhoneSimulator.Build.0 = Debug|Any CPU
		{C92DA756-F4F2-46CF-8EF0-2CB568A717F9}.Debug|x64.ActiveCfg = Debug|Any CPU
		{C92DA756-F4F2-46CF-8EF0-2CB568A717F9}.Debug|x64.Build.0 = Debug|Any CPU
		{C92DA756-F4F2-46CF-8EF0-2CB568A717F9}.Debug|x86.ActiveCfg = Debug|Any CPU
		{C92DA756-F4F2-46CF-8EF0-2CB568A717F9}.Debug|x86.Build.0 = Debug|Any CPU
		{C92DA756-F4F2-46CF-8EF0-2CB568A717F9}.Release|Any CPU.ActiveCfg = Release|Any CPU
		{C92DA756-F4F2-46CF-8EF0-2CB568A717F9}.Release|Any CPU.Build.0 = Release|Any CPU
		{C92DA756-F4F2-46CF-8EF0-2CB568A717F9}.Release|ARM.ActiveCfg = Release|Any CPU
		{C92DA756-F4F2-46CF-8EF0-2CB568A717F9}.Release|ARM.Build.0 = Release|Any CPU
		{C92DA756-F4F2-46CF-8EF0-2CB568A717F9}.Release|iPhone.ActiveCfg = Release|Any CPU
		{C92DA756-F4F2-46CF-8EF0-2CB568A717F9}.Release|iPhone.Build.0 = Release|Any CPU
		{C92DA756-F4F2-46CF-8EF0-2CB568A717F9}.Release|iPhoneSimulator.ActiveCfg = Release|Any CPU
		{C92DA756-F4F2-46CF-8EF0-2CB568A717F9}.Release|iPhoneSimulator.Build.0 = Release|Any CPU
		{C92DA756-F4F2-46CF-8EF0-2CB568A717F9}.Release|x64.ActiveCfg = Release|Any CPU
		{C92DA756-F4F2-46CF-8EF0-2CB568A717F9}.Release|x64.Build.0 = Release|Any CPU
		{C92DA756-F4F2-46CF-8EF0-2CB568A717F9}.Release|x86.ActiveCfg = Release|Any CPU
		{C92DA756-F4F2-46CF-8EF0-2CB568A717F9}.Release|x86.Build.0 = Release|Any CPU
	EndGlobalSection
	GlobalSection(SolutionProperties) = preSolution
		HideSolutionNode = FALSE
	EndGlobalSection
	GlobalSection(NestedProjects) = preSolution
		{4AA14314-14B0-4076-A034-4EE377F2B60C} = {05FE21C5-1237-4B7B-A314-B633AD92CA40}
		{25083E50-662E-46F9-8142-F3F428A13327} = {05FE21C5-1237-4B7B-A314-B633AD92CA40}
		{032A210F-73A0-4AD1-B12A-07AD64058FC9} = {05FE21C5-1237-4B7B-A314-B633AD92CA40}
		{171C1386-FD18-4CF9-91DE-ACB6BE789AA2} = {05FE21C5-1237-4B7B-A314-B633AD92CA40}
		{96BCD5AE-931B-43FA-88B3-F6B5C6F3A070} = {05FE21C5-1237-4B7B-A314-B633AD92CA40}
		{F9F3DC62-71E8-42F1-B902-39A973CC8D03} = {05FE21C5-1237-4B7B-A314-B633AD92CA40}
		{35430686-510C-4734-A149-A48BA0BFDCF5} = {05FE21C5-1237-4B7B-A314-B633AD92CA40}
		{53D4DE25-6FFE-4189-AD74-1472C80E56DF} = {05FE21C5-1237-4B7B-A314-B633AD92CA40}
		{DB32EDC9-6D30-4456-9E8B-63009FC45EB3} = {4AA14314-14B0-4076-A034-4EE377F2B60C}
		{C89E3428-6039-42AC-8C0E-0015289378D3} = {4AA14314-14B0-4076-A034-4EE377F2B60C}
		{E76E5E07-6768-4CB1-A58A-28AA2429318B} = {4AA14314-14B0-4076-A034-4EE377F2B60C}
		{A51398D0-3055-4409-8AD4-BEB778FADDE8} = {4AA14314-14B0-4076-A034-4EE377F2B60C}
	EndGlobalSection
	GlobalSection(ExtensibilityGlobals) = postSolution
		SolutionGuid = {F642BB62-67D4-44C3-AE96-87391885A4A1}
	EndGlobalSection
EndGlobal
